
Microsoft Visual Studio Solution File, Format Version 12.00
# Visual Studio Version 17
VisualStudioVersion = 17.3.32922.545
MinimumVisualStudioVersion = 10.0.40219.1
Project("{FAE04EC0-301F-11D3-BF4B-00C04F79EFBC}") = "apk", "apk.csproj", "{E7392AE3-DAB9-49CA-9D06-6EF88A24CF8B}"
EndProject
Global
	GlobalSection(SolutionConfigurationPlatforms) = preSolution
		Debug|Any CPU = Debug|Any CPU
		Release|Any CPU = Release|Any CPU
	EndGlobalSection
	GlobalSection(ProjectConfigurationPlatforms) = postSolution
		{E7392AE3-DAB9-49CA-9D06-6EF88A24CF8B}.Debug|Any CPU.ActiveCfg = Debug|Any CPU
		{E7392AE3-DAB9-49CA-9D06-6EF88A24CF8B}.Debug|Any CPU.Build.0 = Debug|Any CPU
		{E7392AE3-DAB9-49CA-9D06-6EF88A24CF8B}.Release|Any CPU.ActiveCfg = Release|Any CPU
		{E7392AE3-DAB9-49CA-9D06-6EF88A24CF8B}.Release|Any CPU.Build.0 = Release|Any CPU
	EndGlobalSection
	GlobalSection(SolutionProperties) = preSolution
		HideSolutionNode = FALSE
	EndGlobalSection
	GlobalSection(ExtensibilityGlobals) = postSolution
		SolutionGuid = {02E6C032-A6DE-4F74-8E2F-F2E74051901C}
	EndGlobalSection
EndGlobal
